
Microsoft Visual Studio Solution File, Format Version 12.00
# Visual Studio Version 17
VisualStudioVersion = 17.1.32210.238
MinimumVisualStudioVersion = 10.0.40219.1
Project("{9A19103F-16F7-4668-BE54-9A1E7A4F7556}") = "WordLadderConsole", "WordLadderConsole\WordLadderConsole.csproj", "{8DA395A6-C9A0-4A50-92EA-3E99006F0272}"
EndProject
Project("{9A19103F-16F7-4668-BE54-9A1E7A4F7556}") = "WordLadder", "WordLadder\WordLadder.csproj", "{AC55E7D1-8ED3-4203-8FB2-D24E0E95286D}"
EndProject
Project("{2150E333-8FDC-42A3-9474-1A3956D46DE8}") = "Tests", "Tests", "{8275EB41-A90C-4747-8CC4-B88D9FD5AAA9}"
EndProject
Project("{9A19103F-16F7-4668-BE54-9A1E7A4F7556}") = "TestWordLadderConsole", "TestWordLadderConsole\TestWordLadderConsole.csproj", "{1414013A-134C-4F0F-9FB1-AB1DB048622A}"
EndProject
Project("{FAE04EC0-301F-11D3-BF4B-00C04F79EFBC}") = "TestWordLadder", "TestWordLadder\TestWordLadder.csproj", "{39854D7A-169F-43AB-9AF5-7DE082181D42}"
EndProject
Global
	GlobalSection(SolutionConfigurationPlatforms) = preSolution
		Debug|Any CPU = Debug|Any CPU
		Release|Any CPU = Release|Any CPU
	EndGlobalSection
	GlobalSection(ProjectConfigurationPlatforms) = postSolution
		{8DA395A6-C9A0-4A50-92EA-3E99006F0272}.Debug|Any CPU.ActiveCfg = Debug|Any CPU
		{8DA395A6-C9A0-4A50-92EA-3E99006F0272}.Debug|Any CPU.Build.0 = Debug|Any CPU
		{8DA395A6-C9A0-4A50-92EA-3E99006F0272}.Release|Any CPU.ActiveCfg = Release|Any CPU
		{8DA395A6-C9A0-4A50-92EA-3E99006F0272}.Release|Any CPU.Build.0 = Release|Any CPU
		{AC55E7D1-8ED3-4203-8FB2-D24E0E95286D}.Debug|Any CPU.ActiveCfg = Debug|Any CPU
		{AC55E7D1-8ED3-4203-8FB2-D24E0E95286D}.Debug|Any CPU.Build.0 = Debug|Any CPU
		{AC55E7D1-8ED3-4203-8FB2-D24E0E95286D}.Release|Any CPU.ActiveCfg = Release|Any CPU
		{AC55E7D1-8ED3-4203-8FB2-D24E0E95286D}.Release|Any CPU.Build.0 = Release|Any CPU
		{1414013A-134C-4F0F-9FB1-AB1DB048622A}.Debug|Any CPU.ActiveCfg = Debug|Any CPU
		{1414013A-134C-4F0F-9FB1-AB1DB048622A}.Debug|Any CPU.Build.0 = Debug|Any CPU
		{1414013A-134C-4F0F-9FB1-AB1DB048622A}.Release|Any CPU.ActiveCfg = Release|Any CPU
		{1414013A-134C-4F0F-9FB1-AB1DB048622A}.Release|Any CPU.Build.0 = Release|Any CPU
		{39854D7A-169F-43AB-9AF5-7DE082181D42}.Debug|Any CPU.ActiveCfg = Debug|Any CPU
		{39854D7A-169F-43AB-9AF5-7DE082181D42}.Debug|Any CPU.Build.0 = Debug|Any CPU
		{39854D7A-169F-43AB-9AF5-7DE082181D42}.Release|Any CPU.ActiveCfg = Release|Any CPU
		{39854D7A-169F-43AB-9AF5-7DE082181D42}.Release|Any CPU.Build.0 = Release|Any CPU
	EndGlobalSection
	GlobalSection(SolutionProperties) = preSolution
		HideSolutionNode = FALSE
	EndGlobalSection
	GlobalSection(NestedProjects) = preSolution
		{1414013A-134C-4F0F-9FB1-AB1DB048622A} = {8275EB41-A90C-4747-8CC4-B88D9FD5AAA9}
		{39854D7A-169F-43AB-9AF5-7DE082181D42} = {8275EB41-A90C-4747-8CC4-B88D9FD5AAA9}
	EndGlobalSection
	GlobalSection(ExtensibilityGlobals) = postSolution
		SolutionGuid = {157B70E9-B052-4A4E-B8AA-19841B7A9BC6}
	EndGlobalSection
EndGlobal
